
Microsoft Visual Studio Solution File, Format Version 12.00
# Visual Studio Version 17
VisualStudioVersion = 17.9.34728.123
MinimumVisualStudioVersion = 10.0.40219.1
Project("{FAE04EC0-301F-11D3-BF4B-00C04F79EFBC}") = "Exceptions hors banque", "Exos hors banque\Exceptions hors banque.csproj", "{44FC93C4-99AA-47CE-8EF3-327AEB1A6E60}"
EndProject
Project("{FAE04EC0-301F-11D3-BF4B-00C04F79EFBC}") = "Delegates hors banque", "Delegates hors banque\Delegates hors banque.csproj", "{60A5B267-AEE7-441C-BFE1-7142F5A41610}"
EndProject
Global
	GlobalSection(SolutionConfigurationPlatforms) = preSolution
		Debug|Any CPU = Debug|Any CPU
		Release|Any CPU = Release|Any CPU
	EndGlobalSection
	GlobalSection(ProjectConfigurationPlatforms) = postSolution
		{44FC93C4-99AA-47CE-8EF3-327AEB1A6E60}.Debug|Any CPU.ActiveCfg = Debug|Any CPU
		{44FC93C4-99AA-47CE-8EF3-327AEB1A6E60}.Debug|Any CPU.Build.0 = Debug|Any CPU
		{44FC93C4-99AA-47CE-8EF3-327AEB1A6E60}.Release|Any CPU.ActiveCfg = Release|Any CPU
		{44FC93C4-99AA-47CE-8EF3-327AEB1A6E60}.Release|Any CPU.Build.0 = Release|Any CPU
		{60A5B267-AEE7-441C-BFE1-7142F5A41610}.Debug|Any CPU.ActiveCfg = Debug|Any CPU
		{60A5B267-AEE7-441C-BFE1-7142F5A41610}.Debug|Any CPU.Build.0 = Debug|Any CPU
		{60A5B267-AEE7-441C-BFE1-7142F5A41610}.Release|Any CPU.ActiveCfg = Release|Any CPU
		{60A5B267-AEE7-441C-BFE1-7142F5A41610}.Release|Any CPU.Build.0 = Release|Any CPU
	EndGlobalSection
	GlobalSection(SolutionProperties) = preSolution
		HideSolutionNode = FALSE
	EndGlobalSection
	GlobalSection(ExtensibilityGlobals) = postSolution
		SolutionGuid = {11C16707-EEAB-4D4C-9768-030FEF69D3E4}
	EndGlobalSection
EndGlobal
